
Microsoft Visual Studio Solution File, Format Version 12.00
# Visual Studio Version 17
VisualStudioVersion = 17.1.32228.430
MinimumVisualStudioVersion = 10.0.40219.1
Project("{9A19103F-16F7-4668-BE54-9A1E7A4F7556}") = "Snake", "Snake\Snake.csproj", "{CBF1F1CE-A60F-44A3-9AC2-9E00E77A5329}"
EndProject
Project("{2150E333-8FDC-42A3-9474-1A3956D46DE8}") = "Solution Items", "Solution Items", "{DF7F28CA-8647-4293-9EAC-E3F0EC19329C}"
	ProjectSection(SolutionItems) = preProject
		.editorconfig = .editorconfig
	EndProjectSection
EndProject
Global
	GlobalSection(SolutionConfigurationPlatforms) = preSolution
		Debug|Any CPU = Debug|Any CPU
		Release|Any CPU = Release|Any CPU
	EndGlobalSection
	GlobalSection(ProjectConfigurationPlatforms) = postSolution
		{CBF1F1CE-A60F-44A3-9AC2-9E00E77A5329}.Debug|Any CPU.ActiveCfg = Debug|Any CPU
		{CBF1F1CE-A60F-44A3-9AC2-9E00E77A5329}.Debug|Any CPU.Build.0 = Debug|Any CPU
		{CBF1F1CE-A60F-44A3-9AC2-9E00E77A5329}.Release|Any CPU.ActiveCfg = Release|Any CPU
		{CBF1F1CE-A60F-44A3-9AC2-9E00E77A5329}.Release|Any CPU.Build.0 = Release|Any CPU
	EndGlobalSection
	GlobalSection(SolutionProperties) = preSolution
		HideSolutionNode = FALSE
	EndGlobalSection
	GlobalSection(ExtensibilityGlobals) = postSolution
		SolutionGuid = {19712C5A-5219-415D-B42D-4B6CC2FA6F76}
	EndGlobalSection
EndGlobal
